// !$*UTF8*$!
{
	archiveVersion = 1;
	classes = {
	};
	objectVersion = 50;
	objects = {

/* Begin PBXBuildFile section */
		701779D320B0866400925CB4 /* CircularStd-Bold.otf in Resources */ = {isa = PBXBuildFile; fileRef = 701779D220B084BF00925CB4 /* CircularStd-Bold.otf */; };
		701779D420B0866700925CB4 /* CircularStd-Book.otf in Resources */ = {isa = PBXBuildFile; fileRef = 701779D120B084BF00925CB4 /* CircularStd-Book.otf */; };
		701779D620B09D4C00925CB4 /* Branch.swift in Sources */ = {isa = PBXBuildFile; fileRef = 701779D520B09D4C00925CB4 /* Branch.swift */; };
		701779D820B0B91900925CB4 /* BranchAnnotation.swift in Sources */ = {isa = PBXBuildFile; fileRef = 701779D720B0B91900925CB4 /* BranchAnnotation.swift */; };
		701779DA20B0DA1700925CB4 /* MapViewController.swift in Sources */ = {isa = PBXBuildFile; fileRef = 701779D920B0DA1700925CB4 /* MapViewController.swift */; };
		7033FAA820B258BB00677AD0 /* RegisterViewController.swift in Sources */ = {isa = PBXBuildFile; fileRef = 7033FAA720B258BB00677AD0 /* RegisterViewController.swift */; };
		7099F7DE20AD119400D8E430 /* AppDelegate.swift in Sources */ = {isa = PBXBuildFile; fileRef = 7099F7DD20AD119400D8E430 /* AppDelegate.swift */; };
		7099F7E320AD119400D8E430 /* Main.storyboard in Resources */ = {isa = PBXBuildFile; fileRef = 7099F7E120AD119400D8E430 /* Main.storyboard */; };
		7099F7E520AD119800D8E430 /* Assets.xcassets in Resources */ = {isa = PBXBuildFile; fileRef = 7099F7E420AD119800D8E430 /* Assets.xcassets */; };
		7099F7E820AD119800D8E430 /* LaunchScreen.storyboard in Resources */ = {isa = PBXBuildFile; fileRef = 7099F7E620AD119800D8E430 /* LaunchScreen.storyboard */; };
		7099F7F020AD331700D8E430 /* LoginViewController.swift in Sources */ = {isa = PBXBuildFile; fileRef = 7099F7EF20AD331700D8E430 /* LoginViewController.swift */; };
		7099F7F820AD346200D8E430 /* Constants.swift in Sources */ = {isa = PBXBuildFile; fileRef = 7099F7F720AD346200D8E430 /* Constants.swift */; };
		70ADE0B120B3BBF60039EC79 /* BanregioData.xcdatamodeld in Sources */ = {isa = PBXBuildFile; fileRef = 70ADE0AF20B3BBF60039EC79 /* BanregioData.xcdatamodeld */; };
		70ADE0B320B3D4B40039EC79 /* HomeViewController.swift in Sources */ = {isa = PBXBuildFile; fileRef = 70ADE0B220B3D4B40039EC79 /* HomeViewController.swift */; };
		70ADE0B520B3D5E40039EC79 /* LeftMenuViewController.swift in Sources */ = {isa = PBXBuildFile; fileRef = 70ADE0B420B3D5E40039EC79 /* LeftMenuViewController.swift */; };
		70ADE0B720B3D96C0039EC79 /* MenuBaseTableViewCell.swift in Sources */ = {isa = PBXBuildFile; fileRef = 70ADE0B620B3D96C0039EC79 /* MenuBaseTableViewCell.swift */; };
		70ADE0BA20B3DA170039EC79 /* SectionOneViewController.swift in Sources */ = {isa = PBXBuildFile; fileRef = 70ADE0B920B3DA170039EC79 /* SectionOneViewController.swift */; };
		70ADE0BC20B3DA250039EC79 /* SectionTwoViewController.swift in Sources */ = {isa = PBXBuildFile; fileRef = 70ADE0BB20B3DA250039EC79 /* SectionTwoViewController.swift */; };
		70ADE0BE20B3DA340039EC79 /* SectionThreeViewController.swift in Sources */ = {isa = PBXBuildFile; fileRef = 70ADE0BD20B3DA340039EC79 /* SectionThreeViewController.swift */; };
		70ADE0C220B3E26E0039EC79 /* profile.json in Resources */ = {isa = PBXBuildFile; fileRef = 70ADE0C120B3E26E0039EC79 /* profile.json */; };
		70ADE0C420B3E5610039EC79 /* atm_.json in Resources */ = {isa = PBXBuildFile; fileRef = 70ADE0C320B3E5610039EC79 /* atm_.json */; };
		70F2C39920B503AE00BBFAB2 /* InternalHelper.swift in Sources */ = {isa = PBXBuildFile; fileRef = 70F2C39820B503AE00BBFAB2 /* InternalHelper.swift */; };
		70F2C39B20B512FC00BBFAB2 /* SearchResultsTableViewCell.swift in Sources */ = {isa = PBXBuildFile; fileRef = 70F2C39A20B512FC00BBFAB2 /* SearchResultsTableViewCell.swift */; };
		84CCC819CFC1AF7662C3744E /* Pods_banregio.framework in Frameworks */ = {isa = PBXBuildFile; fileRef = A31CE0F15137536181425263 /* Pods_banregio.framework */; };
/* End PBXBuildFile section */

/* Begin PBXFileReference section */
		64A02C25C66F60BF7A426B10 /* Pods-banregio.debug.xcconfig */ = {isa = PBXFileReference; includeInIndex = 1; lastKnownFileType = text.xcconfig; name = "Pods-banregio.debug.xcconfig"; path = "Pods/Target Support Files/Pods-banregio/Pods-banregio.debug.xcconfig"; sourceTree = "<group>"; };
		701779D120B084BF00925CB4 /* CircularStd-Book.otf */ = {isa = PBXFileReference; lastKnownFileType = file; path = "CircularStd-Book.otf"; sourceTree = "<group>"; };
		701779D220B084BF00925CB4 /* CircularStd-Bold.otf */ = {isa = PBXFileReference; lastKnownFileType = file; path = "CircularStd-Bold.otf"; sourceTree = "<group>"; };
		701779D520B09D4C00925CB4 /* Branch.swift */ = {isa = PBXFileReference; lastKnownFileType = sourcecode.swift; path = Branch.swift; sourceTree = "<group>"; };
		701779D720B0B91900925CB4 /* BranchAnnotation.swift */ = {isa = PBXFileReference; lastKnownFileType = sourcecode.swift; path = BranchAnnotation.swift; sourceTree = "<group>"; };
		701779D920B0DA1700925CB4 /* MapViewController.swift */ = {isa = PBXFileReference; lastKnownFileType = sourcecode.swift; path = MapViewController.swift; sourceTree = "<group>"; };
		7033FAA720B258BB00677AD0 /* RegisterViewController.swift */ = {isa = PBXFileReference; lastKnownFileType = sourcecode.swift; path = RegisterViewController.swift; sourceTree = "<group>"; };
		7099F7DA20AD119400D8E430 /* banregio.app */ = {isa = PBXFileReference; explicitFileType = wrapper.application; includeInIndex = 0; path = banregio.app; sourceTree = BUILT_PRODUCTS_DIR; };
		7099F7DD20AD119400D8E430 /* AppDelegate.swift */ = {isa = PBXFileReference; lastKnownFileType = sourcecode.swift; path = AppDelegate.swift; sourceTree = "<group>"; };
		7099F7E220AD119400D8E430 /* Base */ = {isa = PBXFileReference; lastKnownFileType = file.storyboard; name = Base; path = Base.lproj/Main.storyboard; sourceTree = "<group>"; };
		7099F7E420AD119800D8E430 /* Assets.xcassets */ = {isa = PBXFileReference; lastKnownFileType = folder.assetcatalog; path = Assets.xcassets; sourceTree = "<group>"; };
		7099F7E720AD119800D8E430 /* Base */ = {isa = PBXFileReference; lastKnownFileType = file.storyboard; name = Base; path = Base.lproj/LaunchScreen.storyboard; sourceTree = "<group>"; };
		7099F7E920AD119800D8E430 /* Info.plist */ = {isa = PBXFileReference; lastKnownFileType = text.plist.xml; path = Info.plist; sourceTree = "<group>"; };
		7099F7EF20AD331700D8E430 /* LoginViewController.swift */ = {isa = PBXFileReference; lastKnownFileType = sourcecode.swift; path = LoginViewController.swift; sourceTree = "<group>"; };
		7099F7F720AD346200D8E430 /* Constants.swift */ = {isa = PBXFileReference; lastKnownFileType = sourcecode.swift; path = Constants.swift; sourceTree = "<group>"; };
		70ADE0B020B3BBF60039EC79 /* BanregioData.xcdatamodel */ = {isa = PBXFileReference; lastKnownFileType = wrapper.xcdatamodel; path = BanregioData.xcdatamodel; sourceTree = "<group>"; };
		70ADE0B220B3D4B40039EC79 /* HomeViewController.swift */ = {isa = PBXFileReference; lastKnownFileType = sourcecode.swift; path = HomeViewController.swift; sourceTree = "<group>"; };
		70ADE0B420B3D5E40039EC79 /* LeftMenuViewController.swift */ = {isa = PBXFileReference; lastKnownFileType = sourcecode.swift; path = LeftMenuViewController.swift; sourceTree = "<group>"; };
		70ADE0B620B3D96C0039EC79 /* MenuBaseTableViewCell.swift */ = {isa = PBXFileReference; lastKnownFileType = sourcecode.swift; path = MenuBaseTableViewCell.swift; sourceTree = "<group>"; };
		70ADE0B920B3DA170039EC79 /* SectionOneViewController.swift */ = {isa = PBXFileReference; lastKnownFileType = sourcecode.swift; path = SectionOneViewController.swift; sourceTree = "<group>"; };
		70ADE0BB20B3DA250039EC79 /* SectionTwoViewController.swift */ = {isa = PBXFileReference; lastKnownFileType = sourcecode.swift; path = SectionTwoViewController.swift; sourceTree = "<group>"; };
		70ADE0BD20B3DA340039EC79 /* SectionThreeViewController.swift */ = {isa = PBXFileReference; lastKnownFileType = sourcecode.swift; path = SectionThreeViewController.swift; sourceTree = "<group>"; };
		70ADE0C120B3E26E0039EC79 /* profile.json */ = {isa = PBXFileReference; fileEncoding = 4; lastKnownFileType = text.json; path = profile.json; sourceTree = "<group>"; };
		70ADE0C320B3E5610039EC79 /* atm_.json */ = {isa = PBXFileReference; fileEncoding = 4; lastKnownFileType = text.json; path = atm_.json; sourceTree = "<group>"; };
		70F2C39820B503AE00BBFAB2 /* InternalHelper.swift */ = {isa = PBXFileReference; lastKnownFileType = sourcecode.swift; path = InternalHelper.swift; sourceTree = "<group>"; };
		70F2C39A20B512FC00BBFAB2 /* SearchResultsTableViewCell.swift */ = {isa = PBXFileReference; lastKnownFileType = sourcecode.swift; path = SearchResultsTableViewCell.swift; sourceTree = "<group>"; };
		91A0DEC882804EC857E830FC /* Pods-banregio.release.xcconfig */ = {isa = PBXFileReference; includeInIndex = 1; lastKnownFileType = text.xcconfig; name = "Pods-banregio.release.xcconfig"; path = "Pods/Target Support Files/Pods-banregio/Pods-banregio.release.xcconfig"; sourceTree = "<group>"; };
		A31CE0F15137536181425263 /* Pods_banregio.framework */ = {isa = PBXFileReference; explicitFileType = wrapper.framework; includeInIndex = 0; path = Pods_banregio.framework; sourceTree = BUILT_PRODUCTS_DIR; };
/* End PBXFileReference section */

/* Begin PBXFrameworksBuildPhase section */
		7099F7D720AD119400D8E430 /* Frameworks */ = {
			isa = PBXFrameworksBuildPhase;
			buildActionMask = 2147483647;
			files = (
				84CCC819CFC1AF7662C3744E /* Pods_banregio.framework in Frameworks */,
			);
			runOnlyForDeploymentPostprocessing = 0;
		};
/* End PBXFrameworksBuildPhase section */

/* Begin PBXGroup section */
		4F8C8A91D84E2401C5F5D3C2 /* Frameworks */ = {
			isa = PBXGroup;
			children = (
				A31CE0F15137536181425263 /* Pods_banregio.framework */,
			);
			name = Frameworks;
			sourceTree = "<group>";
		};
		701779D020B0847E00925CB4 /* Resources */ = {
			isa = PBXGroup;
			children = (
				701779D220B084BF00925CB4 /* CircularStd-Bold.otf */,
				701779D120B084BF00925CB4 /* CircularStd-Book.otf */,
				70ADE0C320B3E5610039EC79 /* atm_.json */,
				70ADE0C120B3E26E0039EC79 /* profile.json */,
			);
			path = Resources;
			sourceTree = "<group>";
		};
		7099F7D120AD119400D8E430 = {
			isa = PBXGroup;
			children = (
				7099F7DC20AD119400D8E430 /* banregio */,
				7099F7DB20AD119400D8E430 /* Products */,
				E6D4709C95B4247D3AB860D0 /* Pods */,
				4F8C8A91D84E2401C5F5D3C2 /* Frameworks */,
			);
			sourceTree = "<group>";
		};
		7099F7DB20AD119400D8E430 /* Products */ = {
			isa = PBXGroup;
			children = (
				7099F7DA20AD119400D8E430 /* banregio.app */,
			);
			name = Products;
			sourceTree = "<group>";
		};
		7099F7DC20AD119400D8E430 /* banregio */ = {
			isa = PBXGroup;
			children = (
				7099F7DD20AD119400D8E430 /* AppDelegate.swift */,
				7099F7F420AD335600D8E430 /* Controllers */,
				7099F7F320AD334E00D8E430 /* Models */,
				7099F7F520AD336D00D8E430 /* Views */,
				7099F7E420AD119800D8E430 /* Assets.xcassets */,
				7099F7E620AD119800D8E430 /* LaunchScreen.storyboard */,
				7099F7E920AD119800D8E430 /* Info.plist */,
				701779D020B0847E00925CB4 /* Resources */,
				7099F7F620AD344D00D8E430 /* Helpers */,
			);
			path = banregio;
			sourceTree = "<group>";
		};
		7099F7F320AD334E00D8E430 /* Models */ = {
			isa = PBXGroup;
			children = (
				701779D520B09D4C00925CB4 /* Branch.swift */,
				701779D720B0B91900925CB4 /* BranchAnnotation.swift */,
				70ADE0AF20B3BBF60039EC79 /* BanregioData.xcdatamodeld */,
			);
			path = Models;
			sourceTree = "<group>";
		};
		7099F7F420AD335600D8E430 /* Controllers */ = {
			isa = PBXGroup;
			children = (
				7099F7EF20AD331700D8E430 /* LoginViewController.swift */,
				701779D920B0DA1700925CB4 /* MapViewController.swift */,
				7033FAA720B258BB00677AD0 /* RegisterViewController.swift */,
				70ADE0B220B3D4B40039EC79 /* HomeViewController.swift */,
				70ADE0B420B3D5E40039EC79 /* LeftMenuViewController.swift */,
				70ADE0B820B3D9FD0039EC79 /* Menu */,
			);
			path = Controllers;
			sourceTree = "<group>";
		};
		7099F7F520AD336D00D8E430 /* Views */ = {
			isa = PBXGroup;
			children = (
				7099F7E120AD119400D8E430 /* Main.storyboard */,
				70ADE0B620B3D96C0039EC79 /* MenuBaseTableViewCell.swift */,
				70F2C39A20B512FC00BBFAB2 /* SearchResultsTableViewCell.swift */,
			);
			path = Views;
			sourceTree = "<group>";
		};
		7099F7F620AD344D00D8E430 /* Helpers */ = {
			isa = PBXGroup;
			children = (
				7099F7F720AD346200D8E430 /* Constants.swift */,
				70F2C39820B503AE00BBFAB2 /* InternalHelper.swift */,
			);
			path = Helpers;
			sourceTree = "<group>";
		};
		70ADE0B820B3D9FD0039EC79 /* Menu */ = {
			isa = PBXGroup;
			children = (
				70ADE0B920B3DA170039EC79 /* SectionOneViewController.swift */,
				70ADE0BB20B3DA250039EC79 /* SectionTwoViewController.swift */,
				70ADE0BD20B3DA340039EC79 /* SectionThreeViewController.swift */,
			);
			path = Menu;
			sourceTree = "<group>";
		};
		E6D4709C95B4247D3AB860D0 /* Pods */ = {
			isa = PBXGroup;
			children = (
				64A02C25C66F60BF7A426B10 /* Pods-banregio.debug.xcconfig */,
				91A0DEC882804EC857E830FC /* Pods-banregio.release.xcconfig */,
			);
			name = Pods;
			sourceTree = "<group>";
		};
/* End PBXGroup section */

/* Begin PBXNativeTarget section */
		7099F7D920AD119400D8E430 /* banregio */ = {
			isa = PBXNativeTarget;
			buildConfigurationList = 7099F7EC20AD119800D8E430 /* Build configuration list for PBXNativeTarget "banregio" */;
			buildPhases = (
				86FD4DBA9ECA0439FCD44276 /* [CP] Check Pods Manifest.lock */,
				7099F7D620AD119400D8E430 /* Sources */,
				7099F7D720AD119400D8E430 /* Frameworks */,
				7099F7D820AD119400D8E430 /* Resources */,
				F63020EA04F68E493B9B4800 /* [CP] Embed Pods Frameworks */,
			);
			buildRules = (
			);
			dependencies = (
			);
			name = banregio;
			productName = banregio;
			productReference = 7099F7DA20AD119400D8E430 /* banregio.app */;
			productType = "com.apple.product-type.application";
		};
/* End PBXNativeTarget section */

/* Begin PBXProject section */
		7099F7D220AD119400D8E430 /* Project object */ = {
			isa = PBXProject;
			attributes = {
				LastSwiftUpdateCheck = 0930;
				LastUpgradeCheck = 0930;
				ORGANIZATIONNAME = "Jorge Perales";
				TargetAttributes = {
					7099F7D920AD119400D8E430 = {
						CreatedOnToolsVersion = 9.3;
					};
				};
			};
			buildConfigurationList = 7099F7D520AD119400D8E430 /* Build configuration list for PBXProject "banregio" */;
			compatibilityVersion = "Xcode 9.3";
			developmentRegion = en;
			hasScannedForEncodings = 0;
			knownRegions = (
				en,
				Base,
			);
			mainGroup = 7099F7D120AD119400D8E430;
			productRefGroup = 7099F7DB20AD119400D8E430 /* Products */;
			projectDirPath = "";
			projectRoot = "";
			targets = (
				7099F7D920AD119400D8E430 /* banregio */,
			);
		};
/* End PBXProject section */

/* Begin PBXResourcesBuildPhase section */
		7099F7D820AD119400D8E430 /* Resources */ = {
			isa = PBXResourcesBuildPhase;
			buildActionMask = 2147483647;
			files = (
				70ADE0C420B3E5610039EC79 /* atm_.json in Resources */,
				701779D420B0866700925CB4 /* CircularStd-Book.otf in Resources */,
				7099F7E820AD119800D8E430 /* LaunchScreen.storyboard in Resources */,
				701779D320B0866400925CB4 /* CircularStd-Bold.otf in Resources */,
				70ADE0C220B3E26E0039EC79 /* profile.json in Resources */,
				7099F7E520AD119800D8E430 /* Assets.xcassets in Resources */,
				7099F7E320AD119400D8E430 /* Main.storyboard in Resources */,
			);
			runOnlyForDeploymentPostprocessing = 0;
		};
/* End PBXResourcesBuildPhase section */

/* Begin PBXShellScriptBuildPhase section */
		86FD4DBA9ECA0439FCD44276 /* [CP] Check Pods Manifest.lock */ = {
			isa = PBXShellScriptBuildPhase;
			buildActionMask = 2147483647;
			files = (
			);
			inputPaths = (
				"${PODS_PODFILE_DIR_PATH}/Podfile.lock",
				"${PODS_ROOT}/Manifest.lock",
			);
			name = "[CP] Check Pods Manifest.lock";
			outputPaths = (
				"$(DERIVED_FILE_DIR)/Pods-banregio-checkManifestLockResult.txt",
			);
			runOnlyForDeploymentPostprocessing = 0;
			shellPath = /bin/sh;
			shellScript = "diff \"${PODS_PODFILE_DIR_PATH}/Podfile.lock\" \"${PODS_ROOT}/Manifest.lock\" > /dev/null\nif [ $? != 0 ] ; then\n    # print error to STDERR\n    echo \"error: The sandbox is not in sync with the Podfile.lock. Run 'pod install' or update your CocoaPods installation.\" >&2\n    exit 1\nfi\n# This output is used by Xcode 'outputs' to avoid re-running this script phase.\necho \"SUCCESS\" > \"${SCRIPT_OUTPUT_FILE_0}\"\n";
			showEnvVarsInLog = 0;
		};
		F63020EA04F68E493B9B4800 /* [CP] Embed Pods Frameworks */ = {
			isa = PBXShellScriptBuildPhase;
			buildActionMask = 2147483647;
			files = (
			);
			inputPaths = (
				"${SRCROOT}/Pods/Target Support Files/Pods-banregio/Pods-banregio-frameworks.sh",
				"${BUILT_PRODUCTS_DIR}/Alamofire/Alamofire.framework",
				"${BUILT_PRODUCTS_DIR}/IQKeyboardManagerSwift/IQKeyboardManagerSwift.framework",
				"${BUILT_PRODUCTS_DIR}/Onboard/Onboard.framework",
				"${BUILT_PRODUCTS_DIR}/SlideMenuControllerSwift/SlideMenuControllerSwift.framework",
				"${BUILT_PRODUCTS_DIR}/lottie-ios/Lottie.framework",
			);
			name = "[CP] Embed Pods Frameworks";
			outputPaths = (
				"${TARGET_BUILD_DIR}/${FRAMEWORKS_FOLDER_PATH}/Alamofire.framework",
				"${TARGET_BUILD_DIR}/${FRAMEWORKS_FOLDER_PATH}/IQKeyboardManagerSwift.framework",
				"${TARGET_BUILD_DIR}/${FRAMEWORKS_FOLDER_PATH}/Onboard.framework",
				"${TARGET_BUILD_DIR}/${FRAMEWORKS_FOLDER_PATH}/SlideMenuControllerSwift.framework",
				"${TARGET_BUILD_DIR}/${FRAMEWORKS_FOLDER_PATH}/Lottie.framework",
			);
			runOnlyForDeploymentPostprocessing = 0;
			shellPath = /bin/sh;
			shellScript = "\"${SRCROOT}/Pods/Target Support Files/Pods-banregio/Pods-banregio-frameworks.sh\"\n";
			showEnvVarsInLog = 0;
		};
/* End PBXShellScriptBuildPhase section */

/* Begin PBXSourcesBuildPhase section */
		7099F7D620AD119400D8E430 /* Sources */ = {
			isa = PBXSourcesBuildPhase;
			buildActionMask = 2147483647;
			files = (
				7099F7F020AD331700D8E430 /* LoginViewController.swift in Sources */,
				7099F7DE20AD119400D8E430 /* AppDelegate.swift in Sources */,
				7033FAA820B258BB00677AD0 /* RegisterViewController.swift in Sources */,
				701779D820B0B91900925CB4 /* BranchAnnotation.swift in Sources */,
				70ADE0B520B3D5E40039EC79 /* LeftMenuViewController.swift in Sources */,
				70ADE0B120B3BBF60039EC79 /* BanregioData.xcdatamodeld in Sources */,
				70ADE0BC20B3DA250039EC79 /* SectionTwoViewController.swift in Sources */,
				70ADE0B320B3D4B40039EC79 /* HomeViewController.swift in Sources */,
				70ADE0B720B3D96C0039EC79 /* MenuBaseTableViewCell.swift in Sources */,
				701779D620B09D4C00925CB4 /* Branch.swift in Sources */,
				7099F7F820AD346200D8E430 /* Constants.swift in Sources */,
				70F2C39920B503AE00BBFAB2 /* InternalHelper.swift in Sources */,
				70F2C39B20B512FC00BBFAB2 /* SearchResultsTableViewCell.swift in Sources */,
				701779DA20B0DA1700925CB4 /* MapViewController.swift in Sources */,
				70ADE0BE20B3DA340039EC79 /* SectionThreeViewController.swift in Sources */,
				70ADE0BA20B3DA170039EC79 /* SectionOneViewController.swift in Sources */,
			);
			runOnlyForDeploymentPostprocessing = 0;
		};
/* End PBXSourcesBuildPhase section */

/* Begin PBXVariantGroup section */
		7099F7E120AD119400D8E430 /* Main.storyboard */ = {
			isa = PBXVariantGroup;
			children = (
				7099F7E220AD119400D8E430 /* Base */,
			);
			name = Main.storyboard;
			sourceTree = "<group>";
		};
		7099F7E620AD119800D8E430 /* LaunchScreen.storyboard */ = {
			isa = PBXVariantGroup;
			children = (
				7099F7E720AD119800D8E430 /* Base */,
			);
			name = LaunchScreen.storyboard;
			sourceTree = "<group>";
		};
/* End PBXVariantGroup section */

/* Begin XCBuildConfiguration section */
		7099F7EA20AD119800D8E430 /* Debug */ = {
			isa = XCBuildConfiguration;
			buildSettings = {
				ALWAYS_SEARCH_USER_PATHS = NO;
				CLANG_ANALYZER_NONNULL = YES;
				CLANG_ANALYZER_NUMBER_OBJECT_CONVERSION = YES_AGGRESSIVE;
				CLANG_CXX_LANGUAGE_STANDARD = "gnu++14";
				CLANG_CXX_LIBRARY = "libc++";
				CLANG_ENABLE_MODULES = YES;
				CLANG_ENABLE_OBJC_ARC = YES;
				CLANG_ENABLE_OBJC_WEAK = YES;
				CLANG_WARN_BLOCK_CAPTURE_AUTORELEASING = YES;
				CLANG_WARN_BOOL_CONVERSION = YES;
				CLANG_WARN_COMMA = YES;
				CLANG_WARN_CONSTANT_CONVERSION = YES;
				CLANG_WARN_DEPRECATED_OBJC_IMPLEMENTATIONS = YES;
				CLANG_WARN_DIRECT_OBJC_ISA_USAGE = YES_ERROR;
				CLANG_WARN_DOCUMENTATION_COMMENTS = YES;
				CLANG_WARN_EMPTY_BODY = YES;
				CLANG_WARN_ENUM_CONVERSION = YES;
				CLANG_WARN_INFINITE_RECURSION = YES;
				CLANG_WARN_INT_CONVERSION = YES;
				CLANG_WARN_NON_LITERAL_NULL_CONVERSION = YES;
				CLANG_WARN_OBJC_IMPLICIT_RETAIN_SELF = YES;
				CLANG_WARN_OBJC_LITERAL_CONVERSION = YES;
				CLANG_WARN_OBJC_ROOT_CLASS = YES_ERROR;
				CLANG_WARN_RANGE_LOOP_ANALYSIS = YES;
				CLANG_WARN_STRICT_PROTOTYPES = YES;
				CLANG_WARN_SUSPICIOUS_MOVE = YES;
				CLANG_WARN_UNGUARDED_AVAILABILITY = YES_AGGRESSIVE;
				CLANG_WARN_UNREACHABLE_CODE = YES;
				CLANG_WARN__DUPLICATE_METHOD_MATCH = YES;
				CODE_SIGN_IDENTITY = "iPhone Developer";
				COPY_PHASE_STRIP = NO;
				DEBUG_INFORMATION_FORMAT = dwarf;
				ENABLE_STRICT_OBJC_MSGSEND = YES;
				ENABLE_TESTABILITY = YES;
				GCC_C_LANGUAGE_STANDARD = gnu11;
				GCC_DYNAMIC_NO_PIC = NO;
				GCC_NO_COMMON_BLOCKS = YES;
				GCC_OPTIMIZATION_LEVEL = 0;
				GCC_PREPROCESSOR_DEFINITIONS = (
					"DEBUG=1",
					"$(inherited)",
				);
				GCC_WARN_64_TO_32_BIT_CONVERSION = YES;
				GCC_WARN_ABOUT_RETURN_TYPE = YES_ERROR;
				GCC_WARN_UNDECLARED_SELECTOR = YES;
				GCC_WARN_UNINITIALIZED_AUTOS = YES_AGGRESSIVE;
				GCC_WARN_UNUSED_FUNCTION = YES;
				GCC_WARN_UNUSED_VARIABLE = YES;
				IPHONEOS_DEPLOYMENT_TARGET = 11.3;
				MTL_ENABLE_DEBUG_INFO = YES;
				ONLY_ACTIVE_ARCH = YES;
				SDKROOT = iphoneos;
				SWIFT_ACTIVE_COMPILATION_CONDITIONS = DEBUG;
				SWIFT_OPTIMIZATION_LEVEL = "-Onone";
			};
			name = Debug;
		};
		7099F7EB20AD119800D8E430 /* Release */ = {
			isa = XCBuildConfiguration;
			buildSettings = {
				ALWAYS_SEARCH_USER_PATHS = NO;
				CLANG_ANALYZER_NONNULL = YES;
				CLANG_ANALYZER_NUMBER_OBJECT_CONVERSION = YES_AGGRESSIVE;
				CLANG_CXX_LANGUAGE_STANDARD = "gnu++14";
				CLANG_CXX_LIBRARY = "libc++";
				CLANG_ENABLE_MODULES = YES;
				CLANG_ENABLE_OBJC_ARC = YES;
				CLANG_ENABLE_OBJC_WEAK = YES;
				CLANG_WARN_BLOCK_CAPTURE_AUTORELEASING = YES;
				CLANG_WARN_BOOL_CONVERSION = YES;
				CLANG_WARN_COMMA = YES;
				CLANG_WARN_CONSTANT_CONVERSION = YES;
				CLANG_WARN_DEPRECATED_OBJC_IMPLEMENTATIONS = YES;
				CLANG_WARN_DIRECT_OBJC_ISA_USAGE = YES_ERROR;
				CLANG_WARN_DOCUMENTATION_COMMENTS = YES;
				CLANG_WARN_EMPTY_BODY = YES;
				CLANG_WARN_ENUM_CONVERSION = YES;
				CLANG_WARN_INFINITE_RECURSION = YES;
				CLANG_WARN_INT_CONVERSION = YES;
				CLANG_WARN_NON_LITERAL_NULL_CONVERSION = YES;
				CLANG_WARN_OBJC_IMPLICIT_RETAIN_SELF = YES;
				CLANG_WARN_OBJC_LITERAL_CONVERSION = YES;
				CLANG_WARN_OBJC_ROOT_CLASS = YES_ERROR;
				CLANG_WARN_RANGE_LOOP_ANALYSIS = YES;
				CLANG_WARN_STRICT_PROTOTYPES = YES;
				CLANG_WARN_SUSPICIOUS_MOVE = YES;
				CLANG_WARN_UNGUARDED_AVAILABILITY = YES_AGGRESSIVE;
				CLANG_WARN_UNREACHABLE_CODE = YES;
				CLANG_WARN__DUPLICATE_METHOD_MATCH = YES;
				CODE_SIGN_IDENTITY = "iPhone Developer";
				COPY_PHASE_STRIP = NO;
				DEBUG_INFORMATION_FORMAT = "dwarf-with-dsym";
				ENABLE_NS_ASSERTIONS = NO;
				ENABLE_STRICT_OBJC_MSGSEND = YES;
				GCC_C_LANGUAGE_STANDARD = gnu11;
				GCC_NO_COMMON_BLOCKS = YES;
				GCC_WARN_64_TO_32_BIT_CONVERSION = YES;
				GCC_WARN_ABOUT_RETURN_TYPE = YES_ERROR;
				GCC_WARN_UNDECLARED_SELECTOR = YES;
				GCC_WARN_UNINITIALIZED_AUTOS = YES_AGGRESSIVE;
				GCC_WARN_UNUSED_FUNCTION = YES;
				GCC_WARN_UNUSED_VARIABLE = YES;
				IPHONEOS_DEPLOYMENT_TARGET = 11.3;
				MTL_ENABLE_DEBUG_INFO = NO;
				SDKROOT = iphoneos;
				SWIFT_COMPILATION_MODE = wholemodule;
				SWIFT_OPTIMIZATION_LEVEL = "-O";
				VALIDATE_PRODUCT = YES;
			};
			name = Release;
		};
		7099F7ED20AD119800D8E430 /* Debug */ = {
			isa = XCBuildConfiguration;
			baseConfigurationReference = 64A02C25C66F60BF7A426B10 /* Pods-banregio.debug.xcconfig */;
			buildSettings = {
				ASSETCATALOG_COMPILER_APPICON_NAME = AppIcon;
				CODE_SIGN_STYLE = Automatic;
				DEVELOPMENT_TEAM = 544R2T69FD;
				INFOPLIST_FILE = banregio/Info.plist;
				LD_RUNPATH_SEARCH_PATHS = (
					"$(inherited)",
					"@executable_path/Frameworks",
				);
				PRODUCT_BUNDLE_IDENTIFIER = me.jorgeperales.banregio;
				PRODUCT_NAME = "$(TARGET_NAME)";
				SWIFT_VERSION = 4.0;
				TARGETED_DEVICE_FAMILY = "1,2";
			};
			name = Debug;
		};
		7099F7EE20AD119800D8E430 /* Release */ = {
			isa = XCBuildConfiguration;
			baseConfigurationReference = 91A0DEC882804EC857E830FC /* Pods-banregio.release.xcconfig */;
			buildSettings = {
				ASSETCATALOG_COMPILER_APPICON_NAME = AppIcon;
				CODE_SIGN_STYLE = Automatic;
				DEVELOPMENT_TEAM = 544R2T69FD;
				INFOPLIST_FILE = banregio/Info.plist;
				LD_RUNPATH_SEARCH_PATHS = (
					"$(inherited)",
					"@executable_path/Frameworks",
				);
				PRODUCT_BUNDLE_IDENTIFIER = me.jorgeperales.banregio;
				PRODUCT_NAME = "$(TARGET_NAME)";
				SWIFT_VERSION = 4.0;
				TARGETED_DEVICE_FAMILY = "1,2";
			};
			name = Release;
		};
/* End XCBuildConfiguration section */

/* Begin XCConfigurationList section */
		7099F7D520AD119400D8E430 /* Build configuration list for PBXProject "banregio" */ = {
			isa = XCConfigurationList;
			buildConfigurations = (
				7099F7EA20AD119800D8E430 /* Debug */,
				7099F7EB20AD119800D8E430 /* Release */,
			);
			defaultConfigurationIsVisible = 0;
			defaultConfigurationName = Release;
		};
		7099F7EC20AD119800D8E430 /* Build configuration list for PBXNativeTarget "banregio" */ = {
			isa = XCConfigurationList;
			buildConfigurations = (
				7099F7ED20AD119800D8E430 /* Debug */,
				7099F7EE20AD119800D8E430 /* Release */,
			);
			defaultConfigurationIsVisible = 0;
			defaultConfigurationName = Release;
		};
/* End XCConfigurationList section */

/* Begin XCVersionGroup section */
		70ADE0AF20B3BBF60039EC79 /* BanregioData.xcdatamodeld */ = {
			isa = XCVersionGroup;
			children = (
				70ADE0B020B3BBF60039EC79 /* BanregioData.xcdatamodel */,
			);
			currentVersion = 70ADE0B020B3BBF60039EC79 /* BanregioData.xcdatamodel */;
			path = BanregioData.xcdatamodeld;
			sourceTree = "<group>";
			versionGroupType = wrapper.xcdatamodel;
		};
/* End XCVersionGroup section */
	};
	rootObject = 7099F7D220AD119400D8E430 /* Project object */;
}
